# THIS IS AN AUTOGENERATED FILE. DO NOT EDIT THIS FILE DIRECTLY.
# yarn lockfile v1


"@types/cheerio@*":
  version "0.22.7"
  resolved "https://nexus.swmdigital.io/repository/js-combined/@types/cheerio/-/cheerio-0.22.7.tgz#4a92eafedfb2b9f4437d3a4410006d81114c66ce"

"@types/enzyme-adapter-react-16@^1.0.2":
  version "1.0.2"
  resolved "https://nexus.swmdigital.io/repository/js-combined/@types/enzyme-adapter-react-16/-/enzyme-adapter-react-16-1.0.2.tgz#15ae37c64d6221a6f4b3a4aacc357cf773859de4"
  dependencies:
    "@types/enzyme" "*"

"@types/enzyme@*":
  version "3.1.10"
  resolved "https://nexus.swmdigital.io/repository/js-combined/@types/enzyme/-/enzyme-3.1.10.tgz#28108a9864e65699751469551a803a35d2e26160"
  dependencies:
    "@types/cheerio" "*"
    "@types/react" "*"

"@types/enzyme@^3.1.9":
  version "3.1.9"
  resolved "https://nexus.swmdigital.io/repository/js-combined/@types/enzyme/-/enzyme-3.1.9.tgz#fbd97f3beb7cad76fc9c6f04c97d77f4834522ef"
  dependencies:
    "@types/cheerio" "*"
    "@types/react" "*"

"@types/history@*", "@types/history@^4.6.2":
  version "4.6.2"
  resolved "https://nexus.swmdigital.io/repository/js-combined/@types/history/-/history-4.6.2.tgz#12cfaba693ba20f114ed5765467ff25fdf67ddb0"

"@types/jest@^22.2.2":
  version "22.2.2"
  resolved "https://registry.yarnpkg.com/@types/jest/-/jest-22.2.2.tgz#afe5dacbd00d65325f52da0ed3e76e259629ac9d"

"@types/node@^9.6.6":
  version "9.6.6"
  resolved "https://nexus.swmdigital.io/repository/js-combined/@types/node/-/node-9.6.6.tgz#439b91f9caf3983cad2eef1e11f6bedcbf9431d2"

"@types/prop-types@^15.5.2":
  version "15.5.2"
  resolved "https://nexus.swmdigital.io/repository/js-combined/@types/prop-types/-/prop-types-15.5.2.tgz#3c6b8dceb2906cc87fe4358e809f9d20c8d59be1"

"@types/react-router-dom@^4.2.6":
  version "4.2.6"
  resolved "https://nexus.swmdigital.io/repository/js-combined/@types/react-router-dom/-/react-router-dom-4.2.6.tgz#9f7eb3c0e6661a9607d878ff8675cc4ea95cd276"
  dependencies:
    "@types/history" "*"
    "@types/react" "*"
    "@types/react-router" "*"

"@types/react-router@*", "@types/react-router@^4.0.23":
  version "4.0.23"
  resolved "https://nexus.swmdigital.io/repository/js-combined/@types/react-router/-/react-router-4.0.23.tgz#d0509dcbdb1c686aed8f3d5cb186f42e5fbe7c2a"
  dependencies:
    "@types/history" "*"
    "@types/react" "*"

"@types/react@*", "@types/react@^16.3.14":
  version "16.3.14"
  resolved "https://registry.yarnpkg.com/@types/react/-/react-16.3.14.tgz#f90ac6834de172e13ecca430dcb6814744225d36"
  dependencies:
    csstype "^2.2.0"

asap@~2.0.3:
  version "2.0.6"
  resolved "https://nexus.swmdigital.io/repository/js-combined/asap/-/asap-2.0.6.tgz#e50347611d7e690943208bbdafebcbc2fb866d46"

core-js@^1.0.0:
  version "1.2.7"
  resolved "https://registry.yarnpkg.com/core-js/-/core-js-1.2.7.tgz#652294c14651db28fa93bd2d5ff2983a4f08c636"

csstype@^2.2.0, csstype@^2.5.0:
  version "2.5.0"
  resolved "https://registry.yarnpkg.com/csstype/-/csstype-2.5.0.tgz#53e1c242f422d5d976b81f42707bd9b8934492ee"

define-properties@^1.1.2:
  version "1.1.2"
  resolved "https://registry.yarnpkg.com/define-properties/-/define-properties-1.1.2.tgz#83a73f2fea569898fb737193c8f873caf6d45c94"
  dependencies:
    foreach "^2.0.5"
    object-keys "^1.0.8"

encoding@^0.1.11:
  version "0.1.12"
  resolved "https://registry.yarnpkg.com/encoding/-/encoding-0.1.12.tgz#538b66f3ee62cd1ab51ec323829d1f9480c74beb"
  dependencies:
    iconv-lite "~0.4.13"

enzyme-adapter-react-16@^1.1.1:
  version "1.1.1"
  resolved "https://nexus.swmdigital.io/repository/js-combined/enzyme-adapter-react-16/-/enzyme-adapter-react-16-1.1.1.tgz#a8f4278b47e082fbca14f5bfb1ee50ee650717b4"
  dependencies:
    enzyme-adapter-utils "^1.3.0"
    lodash "^4.17.4"
    object.assign "^4.0.4"
    object.values "^1.0.4"
    prop-types "^15.6.0"
    react-reconciler "^0.7.0"
    react-test-renderer "^16.0.0-0"

enzyme-adapter-utils@^1.3.0:
  version "1.3.0"
  resolved "https://nexus.swmdigital.io/repository/js-combined/enzyme-adapter-utils/-/enzyme-adapter-utils-1.3.0.tgz#d6c85756826c257a8544d362cc7a67e97ea698c7"
  dependencies:
    lodash "^4.17.4"
    object.assign "^4.0.4"
    prop-types "^15.6.0"

es-abstract@^1.6.1:
  version "1.11.0"
  resolved "https://nexus.swmdigital.io/repository/js-combined/es-abstract/-/es-abstract-1.11.0.tgz#cce87d518f0496893b1a30cd8461835535480681"
  dependencies:
    es-to-primitive "^1.1.1"
    function-bind "^1.1.1"
    has "^1.0.1"
    is-callable "^1.1.3"
    is-regex "^1.0.4"

es-to-primitive@^1.1.1:
  version "1.1.1"
  resolved "https://registry.yarnpkg.com/es-to-primitive/-/es-to-primitive-1.1.1.tgz#45355248a88979034b6792e19bb81f2b7975dd0d"
  dependencies:
    is-callable "^1.1.1"
    is-date-object "^1.0.1"
    is-symbol "^1.0.1"

fbjs@^0.8.16:
  version "0.8.16"
  resolved "https://nexus.swmdigital.io/repository/js-combined/fbjs/-/fbjs-0.8.16.tgz#5e67432f550dc41b572bf55847b8aca64e5337db"
  dependencies:
    core-js "^1.0.0"
    isomorphic-fetch "^2.1.1"
    loose-envify "^1.0.0"
    object-assign "^4.1.0"
    promise "^7.1.1"
    setimmediate "^1.0.5"
    ua-parser-js "^0.7.9"

foreach@^2.0.5:
  version "2.0.5"
  resolved "https://registry.yarnpkg.com/foreach/-/foreach-2.0.5.tgz#0bee005018aeb260d0a3af3ae658dd0136ec1b99"

function-bind@^1.0.2, function-bind@^1.1.0, function-bind@^1.1.1:
  version "1.1.1"
  resolved "https://nexus.swmdigital.io/repository/js-combined/function-bind/-/function-bind-1.1.1.tgz#a56899d3ea3c9bab874bb9773b7c5ede92f4895d"

has-symbols@^1.0.0:
  version "1.0.0"
  resolved "https://nexus.swmdigital.io/repository/js-combined/has-symbols/-/has-symbols-1.0.0.tgz#ba1a8f1af2a0fc39650f5c850367704122063b44"

has@^1.0.1:
  version "1.0.1"
  resolved "https://registry.yarnpkg.com/has/-/has-1.0.1.tgz#8461733f538b0837c9361e39a9ab9e9704dc2f28"
  dependencies:
    function-bind "^1.0.2"

history@^4.7.2:
  version "4.7.2"
  resolved "https://nexus.swmdigital.io/repository/js-combined/history/-/history-4.7.2.tgz#22b5c7f31633c5b8021c7f4a8a954ac139ee8d5b"
  dependencies:
    invariant "^2.2.1"
    loose-envify "^1.2.0"
    resolve-pathname "^2.2.0"
    value-equal "^0.4.0"
    warning "^3.0.0"

hoist-non-react-statics@^2.3.0:
  version "2.5.0"
  resolved "https://nexus.swmdigital.io/repository/js-combined/hoist-non-react-statics/-/hoist-non-react-statics-2.5.0.tgz#d2ca2dfc19c5a91c5a6615ce8e564ef0347e2a40"

iconv-lite@~0.4.13:
  version "0.4.23"
  resolved "https://registry.yarnpkg.com/iconv-lite/-/iconv-lite-0.4.23.tgz#297871f63be507adcfbfca715d0cd0eed84e9a63"
  dependencies:
    safer-buffer ">= 2.1.2 < 3"

invariant@^2.2.1, invariant@^2.2.2:
  version "2.2.4"
  resolved "https://nexus.swmdigital.io/repository/js-combined/invariant/-/invariant-2.2.4.tgz#610f3c92c9359ce1db616e538008d23ff35158e6"
  dependencies:
    loose-envify "^1.0.0"

is-callable@^1.1.1, is-callable@^1.1.3:
  version "1.1.3"
  resolved "https://registry.yarnpkg.com/is-callable/-/is-callable-1.1.3.tgz#86eb75392805ddc33af71c92a0eedf74ee7604b2"

is-date-object@^1.0.1:
  version "1.0.1"
  resolved "https://registry.yarnpkg.com/is-date-object/-/is-date-object-1.0.1.tgz#9aa20eb6aeebbff77fbd33e74ca01b33581d3a16"

is-regex@^1.0.4:
  version "1.0.4"
  resolved "https://nexus.swmdigital.io/repository/js-combined/is-regex/-/is-regex-1.0.4.tgz#5517489b547091b0930e095654ced25ee97e9491"
  dependencies:
    has "^1.0.1"

is-stream@^1.0.1:
  version "1.1.0"
  resolved "https://registry.yarnpkg.com/is-stream/-/is-stream-1.1.0.tgz#12d4a3dd4e68e0b79ceb8dbc84173ae80d91ca44"

is-symbol@^1.0.1:
  version "1.0.1"
  resolved "https://registry.yarnpkg.com/is-symbol/-/is-symbol-1.0.1.tgz#3cc59f00025194b6ab2e38dbae6689256b660572"

isarray@0.0.1:
  version "0.0.1"
  resolved "https://registry.yarnpkg.com/isarray/-/isarray-0.0.1.tgz#8a18acfca9a8f4177e09abfc6038939b05d1eedf"

isomorphic-fetch@^2.1.1:
  version "2.2.1"
  resolved "https://registry.yarnpkg.com/isomorphic-fetch/-/isomorphic-fetch-2.2.1.tgz#611ae1acf14f5e81f729507472819fe9733558a9"
  dependencies:
    node-fetch "^1.0.1"
    whatwg-fetch ">=0.10.0"

js-tokens@^3.0.0:
  version "3.0.2"
  resolved "https://nexus.swmdigital.io/repository/js-combined/js-tokens/-/js-tokens-3.0.2.tgz#9866df395102130e38f7f996bceb65443209c25b"

lodash@^4.17.4:
  version "4.17.10"
  resolved "https://nexus.swmdigital.io/repository/js-combined/lodash/-/lodash-4.17.10.tgz#1b7793cf7259ea38fb3661d4d38b3260af8ae4e7"

loose-envify@^1.0.0, loose-envify@^1.1.0, loose-envify@^1.2.0, loose-envify@^1.3.1:
  version "1.3.1"
  resolved "https://registry.yarnpkg.com/loose-envify/-/loose-envify-1.3.1.tgz#d1a8ad33fa9ce0e713d65fdd0ac8b748d478c848"
  dependencies:
    js-tokens "^3.0.0"

node-fetch@^1.0.1:
  version "1.7.3"
  resolved "https://nexus.swmdigital.io/repository/js-combined/node-fetch/-/node-fetch-1.7.3.tgz#980f6f72d85211a5347c6b2bc18c5b84c3eb47ef"
  dependencies:
    encoding "^0.1.11"
    is-stream "^1.0.1"

object-assign@^4.1.0, object-assign@^4.1.1:
  version "4.1.1"
  resolved "https://registry.yarnpkg.com/object-assign/-/object-assign-4.1.1.tgz#2109adc7965887cfc05cbbd442cac8bfbb360863"

object-keys@^1.0.11, object-keys@^1.0.8:
  version "1.0.11"
  resolved "https://registry.yarnpkg.com/object-keys/-/object-keys-1.0.11.tgz#c54601778ad560f1142ce0e01bcca8b56d13426d"

object.assign@^4.0.4:
  version "4.1.0"
  resolved "https://nexus.swmdigital.io/repository/js-combined/object.assign/-/object.assign-4.1.0.tgz#968bf1100d7956bb3ca086f006f846b3bc4008da"
  dependencies:
    define-properties "^1.1.2"
    function-bind "^1.1.1"
    has-symbols "^1.0.0"
    object-keys "^1.0.11"

object.values@^1.0.4:
  version "1.0.4"
  resolved "https://nexus.swmdigital.io/repository/js-combined/object.values/-/object.values-1.0.4.tgz#e524da09b4f66ff05df457546ec72ac99f13069a"
  dependencies:
    define-properties "^1.1.2"
    es-abstract "^1.6.1"
    function-bind "^1.1.0"
    has "^1.0.1"

path-to-regexp@^1.7.0:
  version "1.7.0"
  resolved "https://nexus.swmdigital.io/repository/js-combined/path-to-regexp/-/path-to-regexp-1.7.0.tgz#59fde0f435badacba103a84e9d3bc64e96b9937d"
  dependencies:
    isarray "0.0.1"

prettier@^1.7.4:
  version "1.7.4"
  resolved "https://nexus.swmdigital.io/repository/js-combined/prettier/-/prettier-1.7.4.tgz#5e8624ae9363c80f95ec644584ecdf55d74f93fa"

promise@^7.1.1:
  version "7.3.1"
  resolved "https://nexus.swmdigital.io/repository/js-combined/promise/-/promise-7.3.1.tgz#064b72602b18f90f29192b8b1bc418ffd1ebd3bf"
  dependencies:
    asap "~2.0.3"

prop-types@^15.5.4, prop-types@^15.6.0:
  version "15.6.1"
  resolved "https://registry.yarnpkg.com/prop-types/-/prop-types-15.6.1.tgz#36644453564255ddda391191fb3a125cbdf654ca"
  dependencies:
    fbjs "^0.8.16"
    loose-envify "^1.3.1"
    object-assign "^4.1.1"

react-reconciler@^0.7.0:
  version "0.7.0"
  resolved "https://nexus.swmdigital.io/repository/js-combined/react-reconciler/-/react-reconciler-0.7.0.tgz#9614894103e5f138deeeb5eabaf3ee80eb1d026d"
  dependencies:
    fbjs "^0.8.16"
    loose-envify "^1.1.0"
    object-assign "^4.1.1"
    prop-types "^15.6.0"

react-router-dom@^4.2.2:
  version "4.2.2"
  resolved "https://nexus.swmdigital.io/repository/js-combined/react-router-dom/-/react-router-dom-4.2.2.tgz#c8a81df3adc58bba8a76782e946cbd4eae649b8d"
  dependencies:
    history "^4.7.2"
    invariant "^2.2.2"
    loose-envify "^1.3.1"
    prop-types "^15.5.4"
    react-router "^4.2.0"
    warning "^3.0.0"

react-router@^4.2.0:
  version "4.2.0"
  resolved "https://nexus.swmdigital.io/repository/js-combined/react-router/-/react-router-4.2.0.tgz#61f7b3e3770daeb24062dae3eedef1b054155986"
  dependencies:
    history "^4.7.2"
    hoist-non-react-statics "^2.3.0"
    invariant "^2.2.2"
    loose-envify "^1.3.1"
    path-to-regexp "^1.7.0"
    prop-types "^15.5.4"
    warning "^3.0.0"

react-test-renderer@^16.0.0-0:
  version "16.2.0"
  resolved "https://nexus.swmdigital.io/repository/js-combined/react-test-renderer/-/react-test-renderer-16.2.0.tgz#bddf259a6b8fcd8555f012afc8eacc238872a211"
  dependencies:
    fbjs "^0.8.16"
    object-assign "^4.1.1"
    prop-types "^15.6.0"

react@^16.3.2:
  version "16.3.2"
  resolved "https://registry.yarnpkg.com/react/-/react-16.3.2.tgz#fdc8420398533a1e58872f59091b272ce2f91ea9"
  dependencies:
    fbjs "^0.8.16"
    loose-envify "^1.1.0"
    object-assign "^4.1.1"
    prop-types "^15.6.0"

resolve-pathname@^2.2.0:
  version "2.2.0"
  resolved "https://nexus.swmdigital.io/repository/js-combined/resolve-pathname/-/resolve-pathname-2.2.0.tgz#7e9ae21ed815fd63ab189adeee64dc831eefa879"

"safer-buffer@>= 2.1.2 < 3":
  version "2.1.2"
  resolved "https://nexus.swmdigital.io/repository/js-combined/safer-buffer/-/safer-buffer-2.1.2.tgz#44fa161b0187b9549dd84bb91802f9bd8385cd6a"

setimmediate@^1.0.5:
  version "1.0.5"
  resolved "https://registry.yarnpkg.com/setimmediate/-/setimmediate-1.0.5.tgz#290cbb232e306942d7d7ea9b83732ab7856f8285"

typescript@2.8.3:
  version "2.8.3"
  resolved "https://nexus.swmdigital.io/repository/js-combined/typescript/-/typescript-2.8.3.tgz#5d817f9b6f31bb871835f4edf0089f21abe6c170"

ua-parser-js@^0.7.9:
  version "0.7.18"
  resolved "https://registry.yarnpkg.com/ua-parser-js/-/ua-parser-js-0.7.18.tgz#a7bfd92f56edfb117083b69e31d2aa8882d4b1ed"

value-equal@^0.4.0:
  version "0.4.0"
  resolved "https://nexus.swmdigital.io/repository/js-combined/value-equal/-/value-equal-0.4.0.tgz#c5bdd2f54ee093c04839d71ce2e4758a6890abc7"

warning@^3.0.0:
  version "3.0.0"
  resolved "https://registry.yarnpkg.com/warning/-/warning-3.0.0.tgz#32e5377cb572de4ab04753bdf8821c01ed605b7c"
  dependencies:
    loose-envify "^1.0.0"

whatwg-fetch@>=0.10.0:
  version "2.0.4"
  resolved "https://registry.yarnpkg.com/whatwg-fetch/-/whatwg-fetch-2.0.4.tgz#dde6a5df315f9d39991aa17621853d720b85566f"
